<?xml version="1.0" encoding="utf-8"?>
<Project ToolsVersion="4.0" xmlns="http://schemas.microsoft.com/developer/msbuild/2003">
  <ItemGroup>
    <ClCompile Include="Button.cpp" />
    <ClCompile Include="Game.cpp" />
    <ClCompile Include="Ladder.cpp" />
    <ClCompile Include="Gate.cpp" />
    <ClCompile Include="Lemming.cpp" />
    <ClCompile Include="main.cpp" />
    <ClCompile Include="MaskedTexturedQuad.cpp" />
    <ClCompile Include="Number.cpp" />
    <ClCompile Include="Particle.cpp" />
    <ClCompile Include="ParticleSystem.cpp" />
    <ClCompile Include="Portal.cpp" />
    <ClCompile Include="Proyectil.cpp" />
    <ClCompile Include="Quad.cpp" />
    <ClCompile Include="Scene.cpp" />
    <ClCompile Include="SceneAux.cpp" />
    <ClCompile Include="Shader.cpp" />
    <ClCompile Include="ShaderProgram.cpp" />
    <ClCompile Include="Sprite.cpp" />
    <ClCompile Include="Texture.cpp" />
    <ClCompile Include="TexturedQuad.cpp" />
    <ClCompile Include="VariableTexture.cpp" />
    <ClCompile Include="WinLose.cpp" />
  </ItemGroup>
  <ItemGroup>
    <ClInclude Include="AnimKeyframes.h" />
    <ClInclude Include="Button.h" />
    <ClInclude Include="common_defs.h" />
    <ClInclude Include="Game.h" />
    <ClInclude Include="Gate.h" />
    <ClInclude Include="Ladder.h" />
    <ClInclude Include="Lemming.h" />
    <ClInclude Include="MaskedTexturedQuad.h" />
    <ClInclude Include="Number.h" />
    <ClInclude Include="Particle.h" />
    <ClInclude Include="ParticleSystem.h" />
    <ClInclude Include="Portal.h" />
    <ClInclude Include="Proyectil.h" />
    <ClInclude Include="Quad.h" />
    <ClInclude Include="Scene.h" />
    <ClInclude Include="SceneAux.h" />
    <ClInclude Include="Shader.h" />
    <ClInclude Include="ShaderProgram.h" />
    <ClInclude Include="Sprite.h" />
    <ClInclude Include="Texture.h" />
    <ClInclude Include="TexturedQuad.h" />
    <ClInclude Include="VariableTexture.h" />
    <ClInclude Include="WinLose.h" />
  </ItemGroup>
</Project>